
Microsoft Visual Studio Solution File, Format Version 12.00
# Visual Studio Version 17
VisualStudioVersion = 17.9.34616.47
MinimumVisualStudioVersion = 10.0.40219.1
Project("{FAE04EC0-301F-11D3-BF4B-00C04F79EFBC}") = "TugasPBO", "TugasPBO.csproj", "{66E407D7-7924-4672-BAA9-23D65688BB72}"
EndProject
Global
	GlobalSection(SolutionConfigurationPlatforms) = preSolution
		Debug|Any CPU = Debug|Any CPU
		Release|Any CPU = Release|Any CPU
	EndGlobalSection
	GlobalSection(ProjectConfigurationPlatforms) = postSolution
		{66E407D7-7924-4672-BAA9-23D65688BB72}.Debug|Any CPU.ActiveCfg = Debug|Any CPU
		{66E407D7-7924-4672-BAA9-23D65688BB72}.Debug|Any CPU.Build.0 = Debug|Any CPU
		{66E407D7-7924-4672-BAA9-23D65688BB72}.Release|Any CPU.ActiveCfg = Release|Any CPU
		{66E407D7-7924-4672-BAA9-23D65688BB72}.Release|Any CPU.Build.0 = Release|Any CPU
	EndGlobalSection
	GlobalSection(SolutionProperties) = preSolution
		HideSolutionNode = FALSE
	EndGlobalSection
	GlobalSection(ExtensibilityGlobals) = postSolution
		SolutionGuid = {0C37F9F9-5F1D-495D-96AD-14414B4C333F}
	EndGlobalSection
EndGlobal
